
Microsoft Visual Studio Solution File, Format Version 12.00
# Visual Studio 15
VisualStudioVersion = 15.0.28307.136
MinimumVisualStudioVersion = 10.0.40219.1
Project("{FAE04EC0-301F-11D3-BF4B-00C04F79EFBC}") = "pract4_1.Android", "pract4_1\pract4_1.Android\pract4_1.Android.csproj", "{B102F718-D4FB-4E4E-9392-37A32CD80916}"
EndProject
Project("{FAE04EC0-301F-11D3-BF4B-00C04F79EFBC}") = "pract4_1.iOS", "pract4_1\pract4_1.iOS\pract4_1.iOS.csproj", "{DD080E8C-47DD-4108-BC88-B30A721AD19F}"
EndProject
Project("{FAE04EC0-301F-11D3-BF4B-00C04F79EFBC}") = "pract4_1", "pract4_1\pract4_1\pract4_1.csproj", "{39363238-604F-418C-8684-A7F0E576389A}"
EndProject
Global
	GlobalSection(SolutionConfigurationPlatforms) = preSolution
		Ad-Hoc|Any CPU = Ad-Hoc|Any CPU
		Ad-Hoc|iPhone = Ad-Hoc|iPhone
		Ad-Hoc|iPhoneSimulator = Ad-Hoc|iPhoneSimulator
		AppStore|Any CPU = AppStore|Any CPU
		AppStore|iPhone = AppStore|iPhone
		AppStore|iPhoneSimulator = AppStore|iPhoneSimulator
		Debug|Any CPU = Debug|Any CPU
		Debug|iPhone = Debug|iPhone
		Debug|iPhoneSimulator = Debug|iPhoneSimulator
		Release|Any CPU = Release|Any CPU
		Release|iPhone = Release|iPhone
		Release|iPhoneSimulator = Release|iPhoneSimulator
	EndGlobalSection
	GlobalSection(ProjectConfigurationPlatforms) = postSolution
		{B102F718-D4FB-4E4E-9392-37A32CD80916}.Ad-Hoc|Any CPU.ActiveCfg = Release|Any CPU
		{B102F718-D4FB-4E4E-9392-37A32CD80916}.Ad-Hoc|Any CPU.Build.0 = Release|Any CPU
		{B102F718-D4FB-4E4E-9392-37A32CD80916}.Ad-Hoc|Any CPU.Deploy.0 = Release|Any CPU
		{B102F718-D4FB-4E4E-9392-37A32CD80916}.Ad-Hoc|iPhone.ActiveCfg = Release|Any CPU
		{B102F718-D4FB-4E4E-9392-37A32CD80916}.Ad-Hoc|iPhone.Build.0 = Release|Any CPU
		{B102F718-D4FB-4E4E-9392-37A32CD80916}.Ad-Hoc|iPhone.Deploy.0 = Release|Any CPU
		{B102F718-D4FB-4E4E-9392-37A32CD80916}.Ad-Hoc|iPhoneSimulator.ActiveCfg = Release|Any CPU
		{B102F718-D4FB-4E4E-9392-37A32CD80916}.Ad-Hoc|iPhoneSimulator.Build.0 = Release|Any CPU
		{B102F718-D4FB-4E4E-9392-37A32CD80916}.Ad-Hoc|iPhoneSimulator.Deploy.0 = Release|Any CPU
		{B102F718-D4FB-4E4E-9392-37A32CD80916}.AppStore|Any CPU.ActiveCfg = Release|Any CPU
		{B102F718-D4FB-4E4E-9392-37A32CD80916}.AppStore|Any CPU.Build.0 = Release|Any CPU
		{B102F718-D4FB-4E4E-9392-37A32CD80916}.AppStore|Any CPU.Deploy.0 = Release|Any CPU
		{B102F718-D4FB-4E4E-9392-37A32CD80916}.AppStore|iPhone.ActiveCfg = Release|Any CPU
		{B102F718-D4FB-4E4E-9392-37A32CD80916}.AppStore|iPhone.Build.0 = Release|Any CPU
		{B102F718-D4FB-4E4E-9392-37A32CD80916}.AppStore|iPhone.Deploy.0 = Release|Any CPU
		{B102F718-D4FB-4E4E-9392-37A32CD80916}.AppStore|iPhoneSimulator.ActiveCfg = Release|Any CPU
		{B102F718-D4FB-4E4E-9392-37A32CD80916}.AppStore|iPhoneSimulator.Build.0 = Release|Any CPU
		{B102F718-D4FB-4E4E-9392-37A32CD80916}.AppStore|iPhoneSimulator.Deploy.0 = Release|Any CPU
		{B102F718-D4FB-4E4E-9392-37A32CD80916}.Debug|Any CPU.ActiveCfg = Debug|Any CPU
		{B102F718-D4FB-4E4E-9392-37A32CD80916}.Debug|Any CPU.Build.0 = Debug|Any CPU
		{B102F718-D4FB-4E4E-9392-37A32CD80916}.Debug|Any CPU.Deploy.0 = Debug|Any CPU
		{B102F718-D4FB-4E4E-9392-37A32CD80916}.Debug|iPhone.ActiveCfg = Debug|Any CPU
		{B102F718-D4FB-4E4E-9392-37A32CD80916}.Debug|iPhone.Build.0 = Debug|Any CPU
		{B102F718-D4FB-4E4E-9392-37A32CD80916}.Debug|iPhone.Deploy.0 = Debug|Any CPU
		{B102F718-D4FB-4E4E-9392-37A32CD80916}.Debug|iPhoneSimulator.ActiveCfg = Debug|Any CPU
		{B102F718-D4FB-4E4E-9392-37A32CD80916}.Debug|iPhoneSimulator.Build.0 = Debug|Any CPU
		{B102F718-D4FB-4E4E-9392-37A32CD80916}.Debug|iPhoneSimulator.Deploy.0 = Debug|Any CPU
		{B102F718-D4FB-4E4E-9392-37A32CD80916}.Release|Any CPU.ActiveCfg = Release|Any CPU
		{B102F718-D4FB-4E4E-9392-37A32CD80916}.Release|Any CPU.Build.0 = Release|Any CPU
		{B102F718-D4FB-4E4E-9392-37A32CD80916}.Release|Any CPU.Deploy.0 = Release|Any CPU
		{B102F718-D4FB-4E4E-9392-37A32CD80916}.Release|iPhone.ActiveCfg = Release|Any CPU
		{B102F718-D4FB-4E4E-9392-37A32CD80916}.Release|iPhone.Build.0 = Release|Any CPU
		{B102F718-D4FB-4E4E-9392-37A32CD80916}.Release|iPhone.Deploy.0 = Release|Any CPU
		{B102F718-D4FB-4E4E-9392-37A32CD80916}.Release|iPhoneSimulator.ActiveCfg = Release|Any CPU
		{B102F718-D4FB-4E4E-9392-37A32CD80916}.Release|iPhoneSimulator.Build.0 = Release|Any CPU
		{B102F718-D4FB-4E4E-9392-37A32CD80916}.Release|iPhoneSimulator.Deploy.0 = Release|Any CPU
		{DD080E8C-47DD-4108-BC88-B30A721AD19F}.Ad-Hoc|Any CPU.ActiveCfg = Ad-Hoc|iPhone
		{DD080E8C-47DD-4108-BC88-B30A721AD19F}.Ad-Hoc|Any CPU.Build.0 = Ad-Hoc|iPhone
		{DD080E8C-47DD-4108-BC88-B30A721AD19F}.Ad-Hoc|Any CPU.Deploy.0 = Ad-Hoc|iPhone
		{DD080E8C-47DD-4108-BC88-B30A721AD19F}.Ad-Hoc|iPhone.ActiveCfg = Ad-Hoc|iPhone
		{DD080E8C-47DD-4108-BC88-B30A721AD19F}.Ad-Hoc|iPhone.Build.0 = Ad-Hoc|iPhone
		{DD080E8C-47DD-4108-BC88-B30A721AD19F}.Ad-Hoc|iPhone.Deploy.0 = Ad-Hoc|iPhone
		{DD080E8C-47DD-4108-BC88-B30A721AD19F}.Ad-Hoc|iPhoneSimulator.ActiveCfg = Ad-Hoc|iPhoneSimulator
		{DD080E8C-47DD-4108-BC88-B30A721AD19F}.Ad-Hoc|iPhoneSimulator.Build.0 = Ad-Hoc|iPhoneSimulator
		{DD080E8C-47DD-4108-BC88-B30A721AD19F}.Ad-Hoc|iPhoneSimulator.Deploy.0 = Ad-Hoc|iPhoneSimulator
		{DD080E8C-47DD-4108-BC88-B30A721AD19F}.AppStore|Any CPU.ActiveCfg = AppStore|iPhone
		{DD080E8C-47DD-4108-BC88-B30A721AD19F}.AppStore|Any CPU.Build.0 = AppStore|iPhone
		{DD080E8C-47DD-4108-BC88-B30A721AD19F}.AppStore|Any CPU.Deploy.0 = AppStore|iPhone
		{DD080E8C-47DD-4108-BC88-B30A721AD19F}.AppStore|iPhone.ActiveCfg = AppStore|iPhone
		{DD080E8C-47DD-4108-BC88-B30A721AD19F}.AppStore|iPhone.Build.0 = AppStore|iPhone
		{DD080E8C-47DD-4108-BC88-B30A721AD19F}.AppStore|iPhone.Deploy.0 = AppStore|iPhone
		{DD080E8C-47DD-4108-BC88-B30A721AD19F}.AppStore|iPhoneSimulator.ActiveCfg = AppStore|iPhoneSimulator
		{DD080E8C-47DD-4108-BC88-B30A721AD19F}.AppStore|iPhoneSimulator.Build.0 = AppStore|iPhoneSimulator
		{DD080E8C-47DD-4108-BC88-B30A721AD19F}.AppStore|iPhoneSimulator.Deploy.0 = AppStore|iPhoneSimulator
		{DD080E8C-47DD-4108-BC88-B30A721AD19F}.Debug|Any CPU.ActiveCfg = Debug|iPhoneSimulator
		{DD080E8C-47DD-4108-BC88-B30A721AD19F}.Debug|Any CPU.Build.0 = Debug|iPhoneSimulator
		{DD080E8C-47DD-4108-BC88-B30A721AD19F}.Debug|Any CPU.Deploy.0 = Debug|iPhoneSimulator
		{DD080E8C-47DD-4108-BC88-B30A721AD19F}.Debug|iPhone.ActiveCfg = Debug|iPhone
		{DD080E8C-47DD-4108-BC88-B30A721AD19F}.Debug|iPhone.Build.0 = Debug|iPhone
		{DD080E8C-47DD-4108-BC88-B30A721AD19F}.Debug|iPhone.Deploy.0 = Debug|iPhone
		{DD080E8C-47DD-4108-BC88-B30A721AD19F}.Debug|iPhoneSimulator.ActiveCfg = Debug|iPhoneSimulator
		{DD080E8C-47DD-4108-BC88-B30A721AD19F}.Debug|iPhoneSimulator.Build.0 = Debug|iPhoneSimulator
		{DD080E8C-47DD-4108-BC88-B30A721AD19F}.Debug|iPhoneSimulator.Deploy.0 = Debug|iPhoneSimulator
		{DD080E8C-47DD-4108-BC88-B30A721AD19F}.Release|Any CPU.ActiveCfg = Release|iPhone
		{DD080E8C-47DD-4108-BC88-B30A721AD19F}.Release|Any CPU.Build.0 = Release|iPhone
		{DD080E8C-47DD-4108-BC88-B30A721AD19F}.Release|Any CPU.Deploy.0 = Release|iPhone
		{DD080E8C-47DD-4108-BC88-B30A721AD19F}.Release|iPhone.ActiveCfg = Release|iPhone
		{DD080E8C-47DD-4108-BC88-B30A721AD19F}.Release|iPhone.Build.0 = Release|iPhone
		{DD080E8C-47DD-4108-BC88-B30A721AD19F}.Release|iPhone.Deploy.0 = Release|iPhone
		{DD080E8C-47DD-4108-BC88-B30A721AD19F}.Release|iPhoneSimulator.ActiveCfg = Release|iPhoneSimulator
		{DD080E8C-47DD-4108-BC88-B30A721AD19F}.Release|iPhoneSimulator.Build.0 = Release|iPhoneSimulator
		{DD080E8C-47DD-4108-BC88-B30A721AD19F}.Release|iPhoneSimulator.Deploy.0 = Release|iPhoneSimulator
		{39363238-604F-418C-8684-A7F0E576389A}.Ad-Hoc|Any CPU.ActiveCfg = Debug|Any CPU
		{39363238-604F-418C-8684-A7F0E576389A}.Ad-Hoc|Any CPU.Build.0 = Debug|Any CPU
		{39363238-604F-418C-8684-A7F0E576389A}.Ad-Hoc|Any CPU.Deploy.0 = Debug|Any CPU
		{39363238-604F-418C-8684-A7F0E576389A}.Ad-Hoc|iPhone.ActiveCfg = Debug|Any CPU
		{39363238-604F-418C-8684-A7F0E576389A}.Ad-Hoc|iPhone.Build.0 = Debug|Any CPU
		{39363238-604F-418C-8684-A7F0E576389A}.Ad-Hoc|iPhone.Deploy.0 = Debug|Any CPU
		{39363238-604F-418C-8684-A7F0E576389A}.Ad-Hoc|iPhoneSimulator.ActiveCfg = Debug|Any CPU
		{39363238-604F-418C-8684-A7F0E576389A}.Ad-Hoc|iPhoneSimulator.Build.0 = Debug|Any CPU
		{39363238-604F-418C-8684-A7F0E576389A}.Ad-Hoc|iPhoneSimulator.Deploy.0 = Debug|Any CPU
		{39363238-604F-418C-8684-A7F0E576389A}.AppStore|Any CPU.ActiveCfg = Debug|Any CPU
		{39363238-604F-418C-8684-A7F0E576389A}.AppStore|Any CPU.Build.0 = Debug|Any CPU
		{39363238-604F-418C-8684-A7F0E576389A}.AppStore|Any CPU.Deploy.0 = Debug|Any CPU
		{39363238-604F-418C-8684-A7F0E576389A}.AppStore|iPhone.ActiveCfg = Debug|Any CPU
		{39363238-604F-418C-8684-A7F0E576389A}.AppStore|iPhone.Build.0 = Debug|Any CPU
		{39363238-604F-418C-8684-A7F0E576389A}.AppStore|iPhone.Deploy.0 = Debug|Any CPU
		{39363238-604F-418C-8684-A7F0E576389A}.AppStore|iPhoneSimulator.ActiveCfg = Debug|Any CPU
		{39363238-604F-418C-8684-A7F0E576389A}.AppStore|iPhoneSimulator.Build.0 = Debug|Any CPU
		{39363238-604F-418C-8684-A7F0E576389A}.AppStore|iPhoneSimulator.Deploy.0 = Debug|Any CPU
		{39363238-604F-418C-8684-A7F0E576389A}.Debug|Any CPU.ActiveCfg = Debug|Any CPU
		{39363238-604F-418C-8684-A7F0E576389A}.Debug|Any CPU.Build.0 = Debug|Any CPU
		{39363238-604F-418C-8684-A7F0E576389A}.Debug|Any CPU.Deploy.0 = Debug|Any CPU
		{39363238-604F-418C-8684-A7F0E576389A}.Debug|iPhone.ActiveCfg = Debug|Any CPU
		{39363238-604F-418C-8684-A7F0E576389A}.Debug|iPhone.Build.0 = Debug|Any CPU
		{39363238-604F-418C-8684-A7F0E576389A}.Debug|iPhone.Deploy.0 = Debug|Any CPU
		{39363238-604F-418C-8684-A7F0E576389A}.Debug|iPhoneSimulator.ActiveCfg = Debug|Any CPU
		{39363238-604F-418C-8684-A7F0E576389A}.Debug|iPhoneSimulator.Build.0 = Debug|Any CPU
		{39363238-604F-418C-8684-A7F0E576389A}.Debug|iPhoneSimulator.Deploy.0 = Debug|Any CPU
		{39363238-604F-418C-8684-A7F0E576389A}.Release|Any CPU.ActiveCfg = Release|Any CPU
		{39363238-604F-418C-8684-A7F0E576389A}.Release|Any CPU.Build.0 = Release|Any CPU
		{39363238-604F-418C-8684-A7F0E576389A}.Release|Any CPU.Deploy.0 = Release|Any CPU
		{39363238-604F-418C-8684-A7F0E576389A}.Release|iPhone.ActiveCfg = Release|Any CPU
		{39363238-604F-418C-8684-A7F0E576389A}.Release|iPhone.Build.0 = Release|Any CPU
		{39363238-604F-418C-8684-A7F0E576389A}.Release|iPhone.Deploy.0 = Release|Any CPU
		{39363238-604F-418C-8684-A7F0E576389A}.Release|iPhoneSimulator.ActiveCfg = Release|Any CPU
		{39363238-604F-418C-8684-A7F0E576389A}.Release|iPhoneSimulator.Build.0 = Release|Any CPU
		{39363238-604F-418C-8684-A7F0E576389A}.Release|iPhoneSimulator.Deploy.0 = Release|Any CPU
	EndGlobalSection
	GlobalSection(SolutionProperties) = preSolution
		HideSolutionNode = FALSE
	EndGlobalSection
	GlobalSection(ExtensibilityGlobals) = postSolution
		SolutionGuid = {17E1601E-958F-4747-BC84-49C9DF5F7E23}
	EndGlobalSection
EndGlobal
